
Microsoft Visual Studio Solution File, Format Version 12.00
# Visual Studio Version 17
VisualStudioVersion = 17.11.35222.181
MinimumVisualStudioVersion = 10.0.40219.1
Project("{9A19103F-16F7-4668-BE54-9A1E7A4F7556}") = "SoanThaoOnline", "SoanThaoOnline\SoanThaoOnline.csproj", "{9A042F32-6CA4-4787-9298-97C5F145935D}"
EndProject
Project("{FAE04EC0-301F-11D3-BF4B-00C04F79EFBC}") = "Server", "Server\Server.csproj", "{D274049F-5A6A-463D-A607-999E16F93C15}"
EndProject
Global
	GlobalSection(SolutionConfigurationPlatforms) = preSolution
		Debug|Any CPU = Debug|Any CPU
		Release|Any CPU = Release|Any CPU
	EndGlobalSection
	GlobalSection(ProjectConfigurationPlatforms) = postSolution
		{9A042F32-6CA4-4787-9298-97C5F145935D}.Debug|Any CPU.ActiveCfg = Debug|Any CPU
		{9A042F32-6CA4-4787-9298-97C5F145935D}.Debug|Any CPU.Build.0 = Debug|Any CPU
		{9A042F32-6CA4-4787-9298-97C5F145935D}.Release|Any CPU.ActiveCfg = Release|Any CPU
		{9A042F32-6CA4-4787-9298-97C5F145935D}.Release|Any CPU.Build.0 = Release|Any CPU
		{D274049F-5A6A-463D-A607-999E16F93C15}.Debug|Any CPU.ActiveCfg = Debug|Any CPU
		{D274049F-5A6A-463D-A607-999E16F93C15}.Debug|Any CPU.Build.0 = Debug|Any CPU
		{D274049F-5A6A-463D-A607-999E16F93C15}.Release|Any CPU.ActiveCfg = Release|Any CPU
		{D274049F-5A6A-463D-A607-999E16F93C15}.Release|Any CPU.Build.0 = Release|Any CPU
	EndGlobalSection
	GlobalSection(SolutionProperties) = preSolution
		HideSolutionNode = FALSE
	EndGlobalSection
	GlobalSection(ExtensibilityGlobals) = postSolution
		SolutionGuid = {EAD20DEC-FAD5-4BE2-A7B4-5147C1C04238}
	EndGlobalSection
EndGlobal
